
Microsoft Visual Studio Solution File, Format Version 12.00
# Visual Studio 2013
VisualStudioVersion = 12.0.21005.1
MinimumVisualStudioVersion = 10.0.40219.1
Project("{FAE04EC0-301F-11D3-BF4B-00C04F79EFBC}") = "WindowsFormsApplication20", "WindowsFormsApplication20\WindowsFormsApplication20.csproj", "{0092E4BF-2043-4F34-A62F-1C8A688D7C02}"
EndProject
Project("{FAE04EC0-301F-11D3-BF4B-00C04F79EFBC}") = "classs moi them", "classs moi them\classs moi them.csproj", "{4AB89536-9624-4CFF-BAA9-1ADBC6514F9B}"
EndProject
Global
	GlobalSection(SolutionConfigurationPlatforms) = preSolution
		Debug|Any CPU = Debug|Any CPU
		Release|Any CPU = Release|Any CPU
	EndGlobalSection
	GlobalSection(ProjectConfigurationPlatforms) = postSolution
		{0092E4BF-2043-4F34-A62F-1C8A688D7C02}.Debug|Any CPU.ActiveCfg = Debug|Any CPU
		{0092E4BF-2043-4F34-A62F-1C8A688D7C02}.Debug|Any CPU.Build.0 = Debug|Any CPU
		{0092E4BF-2043-4F34-A62F-1C8A688D7C02}.Release|Any CPU.ActiveCfg = Release|Any CPU
		{0092E4BF-2043-4F34-A62F-1C8A688D7C02}.Release|Any CPU.Build.0 = Release|Any CPU
		{4AB89536-9624-4CFF-BAA9-1ADBC6514F9B}.Debug|Any CPU.ActiveCfg = Debug|Any CPU
		{4AB89536-9624-4CFF-BAA9-1ADBC6514F9B}.Debug|Any CPU.Build.0 = Debug|Any CPU
		{4AB89536-9624-4CFF-BAA9-1ADBC6514F9B}.Release|Any CPU.ActiveCfg = Release|Any CPU
		{4AB89536-9624-4CFF-BAA9-1ADBC6514F9B}.Release|Any CPU.Build.0 = Release|Any CPU
	EndGlobalSection
	GlobalSection(SolutionProperties) = preSolution
		HideSolutionNode = FALSE
	EndGlobalSection
EndGlobal
